
Microsoft Visual Studio Solution File, Format Version 12.00
# Visual Studio Version 16
VisualStudioVersion = 16.0.31624.102
MinimumVisualStudioVersion = 10.0.40219.1
Project("{FAE04EC0-301F-11D3-BF4B-00C04F79EFBC}") = "TraderAtStartFix", "TraderAtStartFix\TraderAtStartFix.csproj", "{20959910-DAE4-4F79-B2BB-89029154AFD9}"
EndProject
Global
	GlobalSection(SolutionConfigurationPlatforms) = preSolution
		Debug|Any CPU = Debug|Any CPU
		Release|Any CPU = Release|Any CPU
	EndGlobalSection
	GlobalSection(ProjectConfigurationPlatforms) = postSolution
		{20959910-DAE4-4F79-B2BB-89029154AFD9}.Debug|Any CPU.ActiveCfg = Debug|Any CPU
		{20959910-DAE4-4F79-B2BB-89029154AFD9}.Debug|Any CPU.Build.0 = Debug|Any CPU
		{20959910-DAE4-4F79-B2BB-89029154AFD9}.Release|Any CPU.ActiveCfg = Release|Any CPU
		{20959910-DAE4-4F79-B2BB-89029154AFD9}.Release|Any CPU.Build.0 = Release|Any CPU
	EndGlobalSection
	GlobalSection(SolutionProperties) = preSolution
		HideSolutionNode = FALSE
	EndGlobalSection
	GlobalSection(ExtensibilityGlobals) = postSolution
		SolutionGuid = {34217B6B-6F4A-4B32-B4D7-D7E45F260D88}
	EndGlobalSection
EndGlobal
